
Microsoft Visual Studio Solution File, Format Version 12.00
Project("{FAE04EC0-301F-11D3-BF4B-00C04F79EFBC}") = "BySfCore.Crypt", "src\BySfCore.Crypt\BySfCore.Crypt.csproj", "{85F1FA01-2094-4A3F-A5DC-A3BB958FD435}"
EndProject
Project("{FAE04EC0-301F-11D3-BF4B-00C04F79EFBC}") = "BySfCore.ResultStruct", "src\BySfCore.ResultStruct\BySfCore.ResultStruct.csproj", "{0D1D5F6F-9E08-492E-B0C9-A8BA6D7E2C63}"
EndProject
Project("{FAE04EC0-301F-11D3-BF4B-00C04F79EFBC}") = "BySfCore.Email", "src\BySfCore.Email\BySfCore.Email.csproj", "{B08E5455-5C8A-4944-A05B-E9AED6150622}"
EndProject
Global
	GlobalSection(SolutionConfigurationPlatforms) = preSolution
		Debug|Any CPU = Debug|Any CPU
		Release|Any CPU = Release|Any CPU
	EndGlobalSection
	GlobalSection(ProjectConfigurationPlatforms) = postSolution
		{85F1FA01-2094-4A3F-A5DC-A3BB958FD435}.Debug|Any CPU.ActiveCfg = Debug|Any CPU
		{85F1FA01-2094-4A3F-A5DC-A3BB958FD435}.Debug|Any CPU.Build.0 = Debug|Any CPU
		{85F1FA01-2094-4A3F-A5DC-A3BB958FD435}.Release|Any CPU.ActiveCfg = Release|Any CPU
		{85F1FA01-2094-4A3F-A5DC-A3BB958FD435}.Release|Any CPU.Build.0 = Release|Any CPU
		{0D1D5F6F-9E08-492E-B0C9-A8BA6D7E2C63}.Debug|Any CPU.ActiveCfg = Debug|Any CPU
		{0D1D5F6F-9E08-492E-B0C9-A8BA6D7E2C63}.Debug|Any CPU.Build.0 = Debug|Any CPU
		{0D1D5F6F-9E08-492E-B0C9-A8BA6D7E2C63}.Release|Any CPU.ActiveCfg = Release|Any CPU
		{0D1D5F6F-9E08-492E-B0C9-A8BA6D7E2C63}.Release|Any CPU.Build.0 = Release|Any CPU
		{B08E5455-5C8A-4944-A05B-E9AED6150622}.Debug|Any CPU.ActiveCfg = Debug|Any CPU
		{B08E5455-5C8A-4944-A05B-E9AED6150622}.Debug|Any CPU.Build.0 = Debug|Any CPU
		{B08E5455-5C8A-4944-A05B-E9AED6150622}.Release|Any CPU.ActiveCfg = Release|Any CPU
		{B08E5455-5C8A-4944-A05B-E9AED6150622}.Release|Any CPU.Build.0 = Release|Any CPU
	EndGlobalSection
EndGlobal
